
Microsoft Visual Studio Solution File, Format Version 12.00
# Visual Studio Version 17
VisualStudioVersion = 17.4.33205.214
MinimumVisualStudioVersion = 10.0.40219.1
Project("{FAE04EC0-301F-11D3-BF4B-00C04F79EFBC}") = "BearerAuth.API", "BearerAuth.API\BearerAuth.API.csproj", "{501F17D7-20F9-4C6B-8516-12F1185F5256}"
EndProject
Global
	GlobalSection(SolutionConfigurationPlatforms) = preSolution
		Debug|Any CPU = Debug|Any CPU
		Release|Any CPU = Release|Any CPU
	EndGlobalSection
	GlobalSection(ProjectConfigurationPlatforms) = postSolution
		{501F17D7-20F9-4C6B-8516-12F1185F5256}.Debug|Any CPU.ActiveCfg = Debug|Any CPU
		{501F17D7-20F9-4C6B-8516-12F1185F5256}.Debug|Any CPU.Build.0 = Debug|Any CPU
		{501F17D7-20F9-4C6B-8516-12F1185F5256}.Release|Any CPU.ActiveCfg = Release|Any CPU
		{501F17D7-20F9-4C6B-8516-12F1185F5256}.Release|Any CPU.Build.0 = Release|Any CPU
	EndGlobalSection
	GlobalSection(SolutionProperties) = preSolution
		HideSolutionNode = FALSE
	EndGlobalSection
	GlobalSection(ExtensibilityGlobals) = postSolution
		SolutionGuid = {E6BFF34D-9218-47AC-89A3-6B8A252C8CE0}
	EndGlobalSection
EndGlobal
