
Microsoft Visual Studio Solution File, Format Version 12.00
# Visual Studio Version 17
VisualStudioVersion = 17.4.33205.214
MinimumVisualStudioVersion = 10.0.40219.1
Project("{E24C65DC-7377-472B-9ABA-BC803B73C61A}") = "injectionAttacks", "injectionAttacks\", "{CE12FDFB-EDF9-4817-9213-91F7FD66E784}"
	ProjectSection(WebsiteProperties) = preProject
		TargetFrameworkMoniker = ".NETFramework,Version%3Dv4.7.2"
		Debug.AspNetCompiler.VirtualPath = "/localhost_52523"
		Debug.AspNetCompiler.PhysicalPath = "injectionAttacks\"
		Debug.AspNetCompiler.TargetPath = "PrecompiledWeb\localhost_52523\"
		Debug.AspNetCompiler.Updateable = "true"
		Debug.AspNetCompiler.ForceOverwrite = "true"
		Debug.AspNetCompiler.FixedNames = "false"
		Debug.AspNetCompiler.Debug = "True"
		Release.AspNetCompiler.VirtualPath = "/localhost_52523"
		Release.AspNetCompiler.PhysicalPath = "injectionAttacks\"
		Release.AspNetCompiler.TargetPath = "PrecompiledWeb\localhost_52523\"
		Release.AspNetCompiler.Updateable = "true"
		Release.AspNetCompiler.ForceOverwrite = "true"
		Release.AspNetCompiler.FixedNames = "false"
		Release.AspNetCompiler.Debug = "False"
		VWDPort = "52523"
		DefaultWebSiteLanguage = "Visual C#"
	EndProjectSection
EndProject
Global
	GlobalSection(SolutionConfigurationPlatforms) = preSolution
		Debug|Any CPU = Debug|Any CPU
	EndGlobalSection
	GlobalSection(ProjectConfigurationPlatforms) = postSolution
		{CE12FDFB-EDF9-4817-9213-91F7FD66E784}.Debug|Any CPU.ActiveCfg = Debug|Any CPU
		{CE12FDFB-EDF9-4817-9213-91F7FD66E784}.Debug|Any CPU.Build.0 = Debug|Any CPU
	EndGlobalSection
	GlobalSection(SolutionProperties) = preSolution
		HideSolutionNode = FALSE
	EndGlobalSection
	GlobalSection(ExtensibilityGlobals) = postSolution
		SolutionGuid = {15A07728-ADB0-4217-BC8D-1C1A5FCC5D04}
	EndGlobalSection
EndGlobal
