
Microsoft Visual Studio Solution File, Format Version 12.00
# Visual Studio Version 17
VisualStudioVersion = 17.4.33205.214
MinimumVisualStudioVersion = 10.0.40219.1
Project("{FAE04EC0-301F-11D3-BF4B-00C04F79EFBC}") = "BasicAuth.API", "BasicAuth.API\BasicAuth.API.csproj", "{09E3327D-E781-46B5-BA50-EDACA440896D}"
EndProject
Global
	GlobalSection(SolutionConfigurationPlatforms) = preSolution
		Debug|Any CPU = Debug|Any CPU
		Release|Any CPU = Release|Any CPU
	EndGlobalSection
	GlobalSection(ProjectConfigurationPlatforms) = postSolution
		{09E3327D-E781-46B5-BA50-EDACA440896D}.Debug|Any CPU.ActiveCfg = Debug|Any CPU
		{09E3327D-E781-46B5-BA50-EDACA440896D}.Debug|Any CPU.Build.0 = Debug|Any CPU
		{09E3327D-E781-46B5-BA50-EDACA440896D}.Release|Any CPU.ActiveCfg = Release|Any CPU
		{09E3327D-E781-46B5-BA50-EDACA440896D}.Release|Any CPU.Build.0 = Release|Any CPU
	EndGlobalSection
	GlobalSection(SolutionProperties) = preSolution
		HideSolutionNode = FALSE
	EndGlobalSection
	GlobalSection(ExtensibilityGlobals) = postSolution
		SolutionGuid = {A25B015F-42E8-4F67-BBE1-46E6403BE9A9}
	EndGlobalSection
EndGlobal
